
Microsoft Visual Studio Solution File, Format Version 12.00
# Visual Studio Version 16
VisualStudioVersion = 16.0.29020.237
MinimumVisualStudioVersion = 10.0.40219.1
Project("{FAE04EC0-301F-11D3-BF4B-00C04F79EFBC}") = "SignalRChat", "SignalRChat\SignalRChat.csproj", "{73A66E03-8461-44CE-BE17-03D0FE3133AA}"
EndProject
Global
	GlobalSection(SolutionConfigurationPlatforms) = preSolution
		Debug|Any CPU = Debug|Any CPU
		Release|Any CPU = Release|Any CPU
	EndGlobalSection
	GlobalSection(ProjectConfigurationPlatforms) = postSolution
		{73A66E03-8461-44CE-BE17-03D0FE3133AA}.Debug|Any CPU.ActiveCfg = Debug|Any CPU
		{73A66E03-8461-44CE-BE17-03D0FE3133AA}.Debug|Any CPU.Build.0 = Debug|Any CPU
		{73A66E03-8461-44CE-BE17-03D0FE3133AA}.Release|Any CPU.ActiveCfg = Release|Any CPU
		{73A66E03-8461-44CE-BE17-03D0FE3133AA}.Release|Any CPU.Build.0 = Release|Any CPU
	EndGlobalSection
	GlobalSection(SolutionProperties) = preSolution
		HideSolutionNode = FALSE
	EndGlobalSection
	GlobalSection(ExtensibilityGlobals) = postSolution
		SolutionGuid = {C39E1BC4-E065-45DC-BF2D-B98F6355423C}
	EndGlobalSection
EndGlobal
